<?xml version="1.0" encoding="utf-8"?>
<Project ToolsVersion="4.0" xmlns="http://schemas.microsoft.com/developer/msbuild/2003">
  <ItemGroup>
    <Filter Include="Core">
      <UniqueIdentifier>{eb62c946-aa46-4a73-b36b-d8a6a04d6f1c}</UniqueIdentifier>
    </Filter>
    <Filter Include="Volume">
      <UniqueIdentifier>{3f2c2533-3801-4218-adef-9a098bf4f457}</UniqueIdentifier>
    </Filter>
    <Filter Include="Volume\Data">
      <UniqueIdentifier>{e8a6da4d-8b44-4535-b6cd-3ca4ffcf43a9}</UniqueIdentifier>
    </Filter>
    <Filter Include="Volume\Data\VolumeLoaders">
      <UniqueIdentifier>{41a3573b-6169-4dd4-b0ba-9bb9a988aa62}</UniqueIdentifier>
    </Filter>
    <Filter Include="Volume\Visualizers">
      <UniqueIdentifier>{7b9c5877-2663-4ccf-bf75-a019780bfa05}</UniqueIdentifier>
    </Filter>
    <Filter Include="Volume\Visualizers\CPURayCasting">
      <UniqueIdentifier>{86ee7e22-170b-4da7-9e3a-6be4864726ce}</UniqueIdentifier>
    </Filter>
    <Filter Include="Volume\Visualizers\Empty">
      <UniqueIdentifier>{8e674fc3-1b82-4e49-a11c-1db749155c27}</UniqueIdentifier>
    </Filter>
    <Filter Include="Mesh">
      <UniqueIdentifier>{a3dfbc82-4871-4918-872a-b737f43076ee}</UniqueIdentifier>
    </Filter>
    <Filter Include="Mesh\Management">
      <UniqueIdentifier>{bb2b6b67-07d1-4147-8d30-ae31134d2197}</UniqueIdentifier>
    </Filter>
    <Filter Include="Mesh\Visualizers">
      <UniqueIdentifier>{291745ce-d8f5-49d1-bc38-81b64b1553c7}</UniqueIdentifier>
    </Filter>
    <Filter Include="Mesh\Data">
      <UniqueIdentifier>{bc7a9703-c86d-43ca-808b-db496e951a45}</UniqueIdentifier>
    </Filter>
  </ItemGroup>
  <ItemGroup>
    <ClInclude Include="EmptyVolumeVisualizer.h">
      <Filter>Volume\Visualizers\Empty</Filter>
    </ClInclude>
    <ClInclude Include="EmptyVolumeVisualizerFactory.h">
      <Filter>Volume\Visualizers\Empty</Filter>
    </ClInclude>
    <ClInclude Include="CPURayCastingVolumeVisualizer.h">
      <Filter>Volume\Visualizers\CPURayCasting</Filter>
    </ClInclude>
    <ClInclude Include="CPURCVolumeVisualizerFactory.h">
      <Filter>Volume\Visualizers\CPURayCasting</Filter>
    </ClInclude>
    <ClInclude Include="CPURCVolumeVisualizerSettings.h">
      <Filter>Volume\Visualizers\CPURayCasting</Filter>
    </ClInclude>
    <ClInclude Include="pch.h" />
    <ClInclude Include="NetVolumeLoader.h">
      <Filter>Volume\Data\VolumeLoaders</Filter>
    </ClInclude>
    <ClInclude Include="NetVolumeLoaderFactory.h">
      <Filter>Volume\Data\VolumeLoaders</Filter>
    </ClInclude>
    <ClInclude Include="VolumeLoaderBase.h">
      <Filter>Volume\Data\VolumeLoaders</Filter>
    </ClInclude>
    <ClInclude Include="VolumeLoaderFactory.h">
      <Filter>Volume\Data\VolumeLoaders</Filter>
    </ClInclude>
    <ClInclude Include="ColorMappingTable.h">
      <Filter>Volume\Visualizers\CPURayCasting</Filter>
    </ClInclude>
    <ClInclude Include="Camera.h">
      <Filter>Core</Filter>
    </ClInclude>
    <ClInclude Include="IVolumeScene.h">
      <Filter>Core</Filter>
    </ClInclude>
    <ClInclude Include="VolumeScene.h">
      <Filter>Core</Filter>
    </ClInclude>
    <ClInclude Include="NetMemoryVolumeSceneFactory.h">
      <Filter>Core</Filter>
    </ClInclude>
    <ClInclude Include="Transformations.h">
      <Filter>Core</Filter>
    </ClInclude>
    <ClInclude Include="framework.h" />
    <ClInclude Include="EigenBenchmark.h" />
    <ClInclude Include="CPUMeshVisualizer.h">
      <Filter>Mesh\Visualizers</Filter>
    </ClInclude>
    <ClInclude Include="FramebufferLayer.h">
      <Filter>Mesh\Visualizers</Filter>
    </ClInclude>
    <ClInclude Include="MultiLayeredFramebuffer.h">
      <Filter>Mesh\Visualizers</Filter>
    </ClInclude>
    <ClInclude Include="MeshGenerator.h">
      <Filter>Mesh\Management</Filter>
    </ClInclude>
    <ClInclude Include="MeshTreeExplorer.h">
      <Filter>Mesh\Management</Filter>
    </ClInclude>
    <ClInclude Include="CPURayCastingVolumeObjectMemory.h" />
    <ClInclude Include="TrackableCamera.h" />
    <ClInclude Include="VolumeLoaderGenericBase.h">
      <Filter>Volume\Data\VolumeLoaders</Filter>
    </ClInclude>
    <ClInclude Include="CPURayCastingVolumeObjectMemoryBase.h">
      <Filter>Volume\Visualizers\CPURayCasting</Filter>
    </ClInclude>
    <ClInclude Include="CPURayCastingVolumeObjectMemory.h">
      <Filter>VolumeVisualizers\CPURayCasting</Filter>
    </ClInclude>
    <ClInclude Include="VolumeSegment.h">
      <Filter>Volume\Data</Filter>
    </ClInclude>
    <ClInclude Include="VolumeVisualizerSettingsBase.h">
      <Filter>Volume\Visualizers</Filter>
    </ClInclude>
    <ClInclude Include="VolumeVisualizerBase.h">
      <Filter>Volume\Visualizers</Filter>
    </ClInclude>
    <ClInclude Include="CPURayCastingVolumeVisualizerBase.h">
      <Filter>Volume\Visualizers</Filter>
    </ClInclude>
    <ClInclude Include="IVolumeVisualizerFactory.h">
      <Filter>Volume\Visualizers</Filter>
    </ClInclude>
    <ClInclude Include="Serialization.h">
      <Filter>Volume\Data</Filter>
    </ClInclude>
    <ClInclude Include="Mesh.h">
      <Filter>Mesh\Data</Filter>
    </ClInclude>
    <ClInclude Include="MeshNode.h">
      <Filter>Mesh\Data</Filter>
    </ClInclude>
  </ItemGroup>
  <ItemGroup>
    <ClCompile Include="VolumeLoaderBase.cpp">
      <Filter>Volume\Data\VolumeLoaders</Filter>
    </ClCompile>
    <ClCompile Include="pch.cpp" />
    <ClCompile Include="Camera.cpp">
      <Filter>Core</Filter>
    </ClCompile>
    <ClCompile Include="VolumeScene.cpp">
      <Filter>Core</Filter>
    </ClCompile>
    <ClCompile Include="Transformations.cpp">
      <Filter>Core</Filter>
    </ClCompile>
    <ClCompile Include="CPURayCastingVolumeObjectMemory.cpp">
      <Filter>Volume\Visualizers\CPURayCasting</Filter>
    </ClCompile>
    <ClCompile Include="EigenBenchmark.cpp" />
    <ClCompile Include="CPUMeshVisualizer.cpp">
      <Filter>Mesh\Visualizers</Filter>
    </ClCompile>
    <ClCompile Include="FramebufferLayer.cpp">
      <Filter>Mesh\Visualizers</Filter>
    </ClCompile>
    <ClCompile Include="CPURayCastingVolumeVisualizer.cpp">
      <Filter>Volume\Visualizers\CPURayCasting</Filter>
    </ClCompile>
    <ClCompile Include="MeshGenerator.cpp">
      <Filter>Mesh\Management</Filter>
    </ClCompile>
    <ClCompile Include="MeshTreeExplorer.cpp">
      <Filter>Mesh\Management</Filter>
    </ClCompile>
    <ClCompile Include="NetVolumeLoader.cpp">
      <Filter>Volume\Data\VolumeLoaders</Filter>
    </ClCompile>
    <ClCompile Include="MeshNode.cpp">
      <Filter>Mesh\Data</Filter>
    </ClCompile>
    <ClCompile Include="Mesh.cpp">
      <Filter>Mesh\Data</Filter>
    </ClCompile>
  </ItemGroup>
</Project>