<?xml version="1.0" encoding="utf-8"?>
<Project ToolsVersion="4.0" xmlns="http://schemas.microsoft.com/developer/msbuild/2003">
  <ItemGroup>
    <Filter Include="Data">
      <UniqueIdentifier>{bc7a9703-c86d-43ca-808b-db496e951a45}</UniqueIdentifier>
    </Filter>
    <Filter Include="Data\VolumeLoaders">
      <UniqueIdentifier>{41a3573b-6169-4dd4-b0ba-9bb9a988aa62}</UniqueIdentifier>
    </Filter>
    <Filter Include="Core">
      <UniqueIdentifier>{eb62c946-aa46-4a73-b36b-d8a6a04d6f1c}</UniqueIdentifier>
    </Filter>
    <Filter Include="VolumeVisualizers">
      <UniqueIdentifier>{7c114e8b-d10d-452d-81f2-1ed22e51a4af}</UniqueIdentifier>
    </Filter>
    <Filter Include="VolumeVisualizers\Empty">
      <UniqueIdentifier>{8e674fc3-1b82-4e49-a11c-1db749155c27}</UniqueIdentifier>
    </Filter>
    <Filter Include="VolumeVisualizers\CPURayCasting">
      <UniqueIdentifier>{86ee7e22-170b-4da7-9e3a-6be4864726ce}</UniqueIdentifier>
    </Filter>
    <Filter Include="MeshVisualizers">
      <UniqueIdentifier>{291745ce-d8f5-49d1-bc38-81b64b1553c7}</UniqueIdentifier>
    </Filter>
    <Filter Include="Data\DataModels">
      <UniqueIdentifier>{55f0e871-6a2c-43b6-ba82-9dfd0159f673}</UniqueIdentifier>
    </Filter>
    <Filter Include="MeshManagement">
      <UniqueIdentifier>{bb2b6b67-07d1-4147-8d30-ae31134d2197}</UniqueIdentifier>
    </Filter>
  </ItemGroup>
  <ItemGroup>
    <ClInclude Include="VolumeVisualizerBase.h">
      <Filter>VolumeVisualizers</Filter>
    </ClInclude>
    <ClInclude Include="CPURayCastingVolumeVisualizerBase.h">
      <Filter>VolumeVisualizers</Filter>
    </ClInclude>
    <ClInclude Include="IVolumeVisualizerFactory.h">
      <Filter>VolumeVisualizers</Filter>
    </ClInclude>
    <ClInclude Include="VolumeVisualizerSettingsBase.h">
      <Filter>VolumeVisualizers</Filter>
    </ClInclude>
    <ClInclude Include="EmptyVolumeVisualizer.h">
      <Filter>VolumeVisualizers\Empty</Filter>
    </ClInclude>
    <ClInclude Include="EmptyVolumeVisualizerFactory.h">
      <Filter>VolumeVisualizers\Empty</Filter>
    </ClInclude>
    <ClInclude Include="CPURayCastingVolumeVisualizer.h">
      <Filter>VolumeVisualizers\CPURayCasting</Filter>
    </ClInclude>
    <ClInclude Include="CPURCVolumeVisualizerFactory.h">
      <Filter>VolumeVisualizers\CPURayCasting</Filter>
    </ClInclude>
    <ClInclude Include="CPURCVolumeVisualizerSettings.h">
      <Filter>VolumeVisualizers\CPURayCasting</Filter>
    </ClInclude>
    <ClInclude Include="Serialization.h">
      <Filter>Data</Filter>
    </ClInclude>
    <ClInclude Include="pch.h" />
    <ClInclude Include="NetVolumeLoader.h">
      <Filter>Data\VolumeLoaders</Filter>
    </ClInclude>
    <ClInclude Include="NetVolumeLoaderFactory.h">
      <Filter>Data\VolumeLoaders</Filter>
    </ClInclude>
    <ClInclude Include="VolumeLoaderBase.h">
      <Filter>Data\VolumeLoaders</Filter>
    </ClInclude>
    <ClInclude Include="VolumeLoaderFactory.h">
      <Filter>Data\VolumeLoaders</Filter>
    </ClInclude>
    <ClInclude Include="ColorMappingTable.h">
      <Filter>VolumeVisualizers\CPURayCasting</Filter>
    </ClInclude>
    <ClInclude Include="Camera.h">
      <Filter>Core</Filter>
    </ClInclude>
    <ClInclude Include="IVolumeScene.h">
      <Filter>Core</Filter>
    </ClInclude>
    <ClInclude Include="VolumeScene.h">
      <Filter>Core</Filter>
    </ClInclude>
    <ClInclude Include="NetMemoryVolumeSceneFactory.h">
      <Filter>Core</Filter>
    </ClInclude>
    <ClInclude Include="Transformations.h">
      <Filter>Core</Filter>
    </ClInclude>
    <ClInclude Include="framework.h" />
    <ClInclude Include="Mesh.h">
      <Filter>Data\DataModels</Filter>
    </ClInclude>
    <ClInclude Include="MeshNode.h">
      <Filter>Data\DataModels</Filter>
    </ClInclude>
    <ClInclude Include="VolumeSegment.h">
      <Filter>Data\DataModels</Filter>
    </ClInclude>
    <ClInclude Include="EigenBenchmark.h" />
    <ClInclude Include="CPUMeshVisualizer.h">
      <Filter>MeshVisualizers</Filter>
    </ClInclude>
    <ClInclude Include="FramebufferLayer.h">
      <Filter>MeshVisualizers</Filter>
    </ClInclude>
    <ClInclude Include="MultiLayeredFramebuffer.h">
      <Filter>MeshVisualizers</Filter>
    </ClInclude>
    <ClInclude Include="MeshGenerator.h">
      <Filter>MeshManagement</Filter>
    </ClInclude>
    <ClInclude Include="MeshTreeExplorer.h">
      <Filter>MeshManagement</Filter>
    </ClInclude>
    <ClInclude Include="CPURayCastingVolumeObjectMemory.h" />
    <ClInclude Include="TrackableCamera.h" />
    <ClInclude Include="VolumeLoaderGenericBase.h">
      <Filter>Data\VolumeLoaders</Filter>
    </ClInclude>
    <ClInclude Include="CPURayCastingVolumeObjectMemoryBase.h">
      <Filter>VolumeVisualizers\CPURayCasting</Filter>
    </ClInclude>
    <ClInclude Include="CPURayCastingVolumeObjectMemory.h">
      <Filter>VolumeVisualizers\CPURayCasting</Filter>
    </ClInclude>
  </ItemGroup>
  <ItemGroup>
    <ClCompile Include="VolumeLoaderBase.cpp">
      <Filter>Data\VolumeLoaders</Filter>
    </ClCompile>
    <ClCompile Include="pch.cpp" />
    <ClCompile Include="Camera.cpp">
      <Filter>Core</Filter>
    </ClCompile>
    <ClCompile Include="VolumeScene.cpp">
      <Filter>Core</Filter>
    </ClCompile>
    <ClCompile Include="Transformations.cpp">
      <Filter>Core</Filter>
    </ClCompile>
    <ClCompile Include="CPURayCastingVolumeObjectMemory.cpp">
      <Filter>VolumeVisualizers\CPURayCasting</Filter>
    </ClCompile>
    <ClCompile Include="Mesh.cpp">
      <Filter>Data\DataModels</Filter>
    </ClCompile>
    <ClCompile Include="MeshNode.cpp">
      <Filter>Data\DataModels</Filter>
    </ClCompile>
    <ClCompile Include="EigenBenchmark.cpp" />
    <ClCompile Include="CPUMeshVisualizer.cpp">
      <Filter>MeshVisualizers</Filter>
    </ClCompile>
    <ClCompile Include="FramebufferLayer.cpp">
      <Filter>MeshVisualizers</Filter>
    </ClCompile>
    <ClCompile Include="CPURayCastingVolumeVisualizer.cpp">
      <Filter>VolumeVisualizers\CPURayCasting</Filter>
    </ClCompile>
    <ClCompile Include="MeshGenerator.cpp">
      <Filter>MeshManagement</Filter>
    </ClCompile>
    <ClCompile Include="MeshTreeExplorer.cpp">
      <Filter>MeshManagement</Filter>
    </ClCompile>
    <ClCompile Include="NetVolumeLoader.cpp">
      <Filter>Data\VolumeLoaders</Filter>
    </ClCompile>
  </ItemGroup>
</Project>